// !$*UTF8*$!
{
	archiveVersion = 1;
	classes = {
	};
	objectVersion = 56;
	objects = {

/* Begin PBXBuildFile section */
		732896F02B1CDE66005B9664 /* AppDelegate.swift in Sources */ = {isa = PBXBuildFile; fileRef = 732896EF2B1CDE66005B9664 /* AppDelegate.swift */; };
		732896F22B1CDE66005B9664 /* SceneDelegate.swift in Sources */ = {isa = PBXBuildFile; fileRef = 732896F12B1CDE66005B9664 /* SceneDelegate.swift */; };
		732896F42B1CDE66005B9664 /* MainViewController.swift in Sources */ = {isa = PBXBuildFile; fileRef = 732896F32B1CDE66005B9664 /* MainViewController.swift */; };
		732896F72B1CDE66005B9664 /* Main.storyboard in Resources */ = {isa = PBXBuildFile; fileRef = 732896F52B1CDE66005B9664 /* Main.storyboard */; };
		732896FA2B1CDE66005B9664 /* CoreDataProt.xcdatamodeld in Sources */ = {isa = PBXBuildFile; fileRef = 732896F82B1CDE66005B9664 /* CoreDataProt.xcdatamodeld */; };
		732896FC2B1CDE67005B9664 /* Assets.xcassets in Resources */ = {isa = PBXBuildFile; fileRef = 732896FB2B1CDE67005B9664 /* Assets.xcassets */; };
		732896FF2B1CDE67005B9664 /* LaunchScreen.storyboard in Resources */ = {isa = PBXBuildFile; fileRef = 732896FD2B1CDE67005B9664 /* LaunchScreen.storyboard */; };
		7328970B2B21E1FD005B9664 /* DetailViewController.swift in Sources */ = {isa = PBXBuildFile; fileRef = 7328970A2B21E1FD005B9664 /* DetailViewController.swift */; };
		7328970D2B2E2B60005B9664 /* CoreDataManager.swift in Sources */ = {isa = PBXBuildFile; fileRef = 7328970C2B2E2B60005B9664 /* CoreDataManager.swift */; };
		739C40CA2B455C2E000C53EA /* Presenter.swift in Sources */ = {isa = PBXBuildFile; fileRef = 739C40C92B455C2E000C53EA /* Presenter.swift */; };
		739C40F92B52DFD9000C53EA /* PersistentService.swift in Sources */ = {isa = PBXBuildFile; fileRef = 739C40F82B52DFD9000C53EA /* PersistentService.swift */; };
/* End PBXBuildFile section */

/* Begin PBXFileReference section */
		732896EC2B1CDE66005B9664 /* CoreDataProt.app */ = {isa = PBXFileReference; explicitFileType = wrapper.application; includeInIndex = 0; path = CoreDataProt.app; sourceTree = BUILT_PRODUCTS_DIR; };
		732896EF2B1CDE66005B9664 /* AppDelegate.swift */ = {isa = PBXFileReference; lastKnownFileType = sourcecode.swift; path = AppDelegate.swift; sourceTree = "<group>"; };
		732896F12B1CDE66005B9664 /* SceneDelegate.swift */ = {isa = PBXFileReference; lastKnownFileType = sourcecode.swift; path = SceneDelegate.swift; sourceTree = "<group>"; };
		732896F32B1CDE66005B9664 /* MainViewController.swift */ = {isa = PBXFileReference; lastKnownFileType = sourcecode.swift; path = MainViewController.swift; sourceTree = "<group>"; };
		732896F62B1CDE66005B9664 /* Base */ = {isa = PBXFileReference; lastKnownFileType = file.storyboard; name = Base; path = Base.lproj/Main.storyboard; sourceTree = "<group>"; };
		732896F92B1CDE66005B9664 /* CoreDataProt.xcdatamodel */ = {isa = PBXFileReference; lastKnownFileType = wrapper.xcdatamodel; path = CoreDataProt.xcdatamodel; sourceTree = "<group>"; };
		732896FB2B1CDE67005B9664 /* Assets.xcassets */ = {isa = PBXFileReference; lastKnownFileType = folder.assetcatalog; path = Assets.xcassets; sourceTree = "<group>"; };
		732896FE2B1CDE67005B9664 /* Base */ = {isa = PBXFileReference; lastKnownFileType = file.storyboard; name = Base; path = Base.lproj/LaunchScreen.storyboard; sourceTree = "<group>"; };
		732897002B1CDE67005B9664 /* Info.plist */ = {isa = PBXFileReference; lastKnownFileType = text.plist.xml; path = Info.plist; sourceTree = "<group>"; };
		7328970A2B21E1FD005B9664 /* DetailViewController.swift */ = {isa = PBXFileReference; lastKnownFileType = sourcecode.swift; path = DetailViewController.swift; sourceTree = "<group>"; };
		7328970C2B2E2B60005B9664 /* CoreDataManager.swift */ = {isa = PBXFileReference; lastKnownFileType = sourcecode.swift; path = CoreDataManager.swift; sourceTree = "<group>"; };
		739C40C92B455C2E000C53EA /* Presenter.swift */ = {isa = PBXFileReference; lastKnownFileType = sourcecode.swift; path = Presenter.swift; sourceTree = "<group>"; };
		739C40F82B52DFD9000C53EA /* PersistentService.swift */ = {isa = PBXFileReference; lastKnownFileType = sourcecode.swift; path = PersistentService.swift; sourceTree = "<group>"; };
/* End PBXFileReference section */

/* Begin PBXFrameworksBuildPhase section */
		732896E92B1CDE66005B9664 /* Frameworks */ = {
			isa = PBXFrameworksBuildPhase;
			buildActionMask = 2147483647;
			files = (
			);
			runOnlyForDeploymentPostprocessing = 0;
		};
/* End PBXFrameworksBuildPhase section */

/* Begin PBXGroup section */
		732896E32B1CDE65005B9664 = {
			isa = PBXGroup;
			children = (
				732896EE2B1CDE66005B9664 /* CoreDataProt */,
				732896ED2B1CDE66005B9664 /* Products */,
			);
			sourceTree = "<group>";
		};
		732896ED2B1CDE66005B9664 /* Products */ = {
			isa = PBXGroup;
			children = (
				732896EC2B1CDE66005B9664 /* CoreDataProt.app */,
			);
			name = Products;
			sourceTree = "<group>";
		};
		732896EE2B1CDE66005B9664 /* CoreDataProt */ = {
			isa = PBXGroup;
			children = (
				739C40C82B455B2D000C53EA /* Presenters */,
				739C40C72B455B17000C53EA /* View */,
				739C40C62B455B03000C53EA /* Model */,
				739C40C52B455AED000C53EA /* App */,
				732896F52B1CDE66005B9664 /* Main.storyboard */,
				732896FB2B1CDE67005B9664 /* Assets.xcassets */,
				732896FD2B1CDE67005B9664 /* LaunchScreen.storyboard */,
				732897002B1CDE67005B9664 /* Info.plist */,
				732896F82B1CDE66005B9664 /* CoreDataProt.xcdatamodeld */,
			);
			path = CoreDataProt;
			sourceTree = "<group>";
		};
		739C40C52B455AED000C53EA /* App */ = {
			isa = PBXGroup;
			children = (
				732896EF2B1CDE66005B9664 /* AppDelegate.swift */,
				732896F12B1CDE66005B9664 /* SceneDelegate.swift */,
			);
			path = App;
			sourceTree = "<group>";
		};
		739C40C62B455B03000C53EA /* Model */ = {
			isa = PBXGroup;
			children = (
				7328970C2B2E2B60005B9664 /* CoreDataManager.swift */,
				739C40F82B52DFD9000C53EA /* PersistentService.swift */,
			);
			path = Model;
			sourceTree = "<group>";
		};
		739C40C72B455B17000C53EA /* View */ = {
			isa = PBXGroup;
			children = (
				732896F32B1CDE66005B9664 /* MainViewController.swift */,
				7328970A2B21E1FD005B9664 /* DetailViewController.swift */,
			);
			path = View;
			sourceTree = "<group>";
		};
		739C40C82B455B2D000C53EA /* Presenters */ = {
			isa = PBXGroup;
			children = (
				739C40C92B455C2E000C53EA /* Presenter.swift */,
			);
			path = Presenters;
			sourceTree = "<group>";
		};
/* End PBXGroup section */

/* Begin PBXNativeTarget section */
		732896EB2B1CDE66005B9664 /* CoreDataProt */ = {
			isa = PBXNativeTarget;
			buildConfigurationList = 732897032B1CDE67005B9664 /* Build configuration list for PBXNativeTarget "CoreDataProt" */;
			buildPhases = (
				732896E82B1CDE66005B9664 /* Sources */,
				732896E92B1CDE66005B9664 /* Frameworks */,
				732896EA2B1CDE66005B9664 /* Resources */,
			);
			buildRules = (
			);
			dependencies = (
			);
			name = CoreDataProt;
			productName = CoreDataProt;
			productReference = 732896EC2B1CDE66005B9664 /* CoreDataProt.app */;
			productType = "com.apple.product-type.application";
		};
/* End PBXNativeTarget section */

/* Begin PBXProject section */
		732896E42B1CDE65005B9664 /* Project object */ = {
			isa = PBXProject;
			attributes = {
				BuildIndependentTargetsInParallel = 1;
				LastSwiftUpdateCheck = 1420;
				LastUpgradeCheck = 1420;
				TargetAttributes = {
					732896EB2B1CDE66005B9664 = {
						CreatedOnToolsVersion = 14.2;
					};
				};
			};
			buildConfigurationList = 732896E72B1CDE65005B9664 /* Build configuration list for PBXProject "CoreDataProt" */;
			compatibilityVersion = "Xcode 14.0";
			developmentRegion = en;
			hasScannedForEncodings = 0;
			knownRegions = (
				en,
				Base,
			);
			mainGroup = 732896E32B1CDE65005B9664;
			productRefGroup = 732896ED2B1CDE66005B9664 /* Products */;
			projectDirPath = "";
			projectRoot = "";
			targets = (
				732896EB2B1CDE66005B9664 /* CoreDataProt */,
			);
		};
/* End PBXProject section */

/* Begin PBXResourcesBuildPhase section */
		732896EA2B1CDE66005B9664 /* Resources */ = {
			isa = PBXResourcesBuildPhase;
			buildActionMask = 2147483647;
			files = (
				732896FF2B1CDE67005B9664 /* LaunchScreen.storyboard in Resources */,
				732896FC2B1CDE67005B9664 /* Assets.xcassets in Resources */,
				732896F72B1CDE66005B9664 /* Main.storyboard in Resources */,
			);
			runOnlyForDeploymentPostprocessing = 0;
		};
/* End PBXResourcesBuildPhase section */

/* Begin PBXSourcesBuildPhase section */
		732896E82B1CDE66005B9664 /* Sources */ = {
			isa = PBXSourcesBuildPhase;
			buildActionMask = 2147483647;
			files = (
				732896F42B1CDE66005B9664 /* MainViewController.swift in Sources */,
				739C40CA2B455C2E000C53EA /* Presenter.swift in Sources */,
				732896FA2B1CDE66005B9664 /* CoreDataProt.xcdatamodeld in Sources */,
				732896F02B1CDE66005B9664 /* AppDelegate.swift in Sources */,
				739C40F92B52DFD9000C53EA /* PersistentService.swift in Sources */,
				732896F22B1CDE66005B9664 /* SceneDelegate.swift in Sources */,
				7328970D2B2E2B60005B9664 /* CoreDataManager.swift in Sources */,
				7328970B2B21E1FD005B9664 /* DetailViewController.swift in Sources */,
			);
			runOnlyForDeploymentPostprocessing = 0;
		};
/* End PBXSourcesBuildPhase section */

/* Begin PBXVariantGroup section */
		732896F52B1CDE66005B9664 /* Main.storyboard */ = {
			isa = PBXVariantGroup;
			children = (
				732896F62B1CDE66005B9664 /* Base */,
			);
			name = Main.storyboard;
			sourceTree = "<group>";
		};
		732896FD2B1CDE67005B9664 /* LaunchScreen.storyboard */ = {
			isa = PBXVariantGroup;
			children = (
				732896FE2B1CDE67005B9664 /* Base */,
			);
			name = LaunchScreen.storyboard;
			sourceTree = "<group>";
		};
/* End PBXVariantGroup section */

/* Begin XCBuildConfiguration section */
		732897012B1CDE67005B9664 /* Debug */ = {
			isa = XCBuildConfiguration;
			buildSettings = {
				ALWAYS_SEARCH_USER_PATHS = NO;
				CLANG_ANALYZER_NONNULL = YES;
				CLANG_ANALYZER_NUMBER_OBJECT_CONVERSION = YES_AGGRESSIVE;
				CLANG_CXX_LANGUAGE_STANDARD = "gnu++20";
				CLANG_ENABLE_MODULES = YES;
				CLANG_ENABLE_OBJC_ARC = YES;
				CLANG_ENABLE_OBJC_WEAK = YES;
				CLANG_WARN_BLOCK_CAPTURE_AUTORELEASING = YES;
				CLANG_WARN_BOOL_CONVERSION = YES;
				CLANG_WARN_COMMA = YES;
				CLANG_WARN_CONSTANT_CONVERSION = YES;
				CLANG_WARN_DEPRECATED_OBJC_IMPLEMENTATIONS = YES;
				CLANG_WARN_DIRECT_OBJC_ISA_USAGE = YES_ERROR;
				CLANG_WARN_DOCUMENTATION_COMMENTS = YES;
				CLANG_WARN_EMPTY_BODY = YES;
				CLANG_WARN_ENUM_CONVERSION = YES;
				CLANG_WARN_INFINITE_RECURSION = YES;
				CLANG_WARN_INT_CONVERSION = YES;
				CLANG_WARN_NON_LITERAL_NULL_CONVERSION = YES;
				CLANG_WARN_OBJC_IMPLICIT_RETAIN_SELF = YES;
				CLANG_WARN_OBJC_LITERAL_CONVERSION = YES;
				CLANG_WARN_OBJC_ROOT_CLASS = YES_ERROR;
				CLANG_WARN_QUOTED_INCLUDE_IN_FRAMEWORK_HEADER = YES;
				CLANG_WARN_RANGE_LOOP_ANALYSIS = YES;
				CLANG_WARN_STRICT_PROTOTYPES = YES;
				CLANG_WARN_SUSPICIOUS_MOVE = YES;
				CLANG_WARN_UNGUARDED_AVAILABILITY = YES_AGGRESSIVE;
				CLANG_WARN_UNREACHABLE_CODE = YES;
				CLANG_WARN__DUPLICATE_METHOD_MATCH = YES;
				COPY_PHASE_STRIP = NO;
				DEBUG_INFORMATION_FORMAT = dwarf;
				ENABLE_STRICT_OBJC_MSGSEND = YES;
				ENABLE_TESTABILITY = YES;
				GCC_C_LANGUAGE_STANDARD = gnu11;
				GCC_DYNAMIC_NO_PIC = NO;
				GCC_NO_COMMON_BLOCKS = YES;
				GCC_OPTIMIZATION_LEVEL = 0;
				GCC_PREPROCESSOR_DEFINITIONS = (
					"DEBUG=1",
					"$(inherited)",
				);
				GCC_WARN_64_TO_32_BIT_CONVERSION = YES;
				GCC_WARN_ABOUT_RETURN_TYPE = YES_ERROR;
				GCC_WARN_UNDECLARED_SELECTOR = YES;
				GCC_WARN_UNINITIALIZED_AUTOS = YES_AGGRESSIVE;
				GCC_WARN_UNUSED_FUNCTION = YES;
				GCC_WARN_UNUSED_VARIABLE = YES;
				IPHONEOS_DEPLOYMENT_TARGET = 16.2;
				MTL_ENABLE_DEBUG_INFO = INCLUDE_SOURCE;
				MTL_FAST_MATH = YES;
				ONLY_ACTIVE_ARCH = YES;
				SDKROOT = iphoneos;
				SWIFT_ACTIVE_COMPILATION_CONDITIONS = DEBUG;
				SWIFT_OPTIMIZATION_LEVEL = "-Onone";
			};
			name = Debug;
		};
		732897022B1CDE67005B9664 /* Release */ = {
			isa = XCBuildConfiguration;
			buildSettings = {
				ALWAYS_SEARCH_USER_PATHS = NO;
				CLANG_ANALYZER_NONNULL = YES;
				CLANG_ANALYZER_NUMBER_OBJECT_CONVERSION = YES_AGGRESSIVE;
				CLANG_CXX_LANGUAGE_STANDARD = "gnu++20";
				CLANG_ENABLE_MODULES = YES;
				CLANG_ENABLE_OBJC_ARC = YES;
				CLANG_ENABLE_OBJC_WEAK = YES;
				CLANG_WARN_BLOCK_CAPTURE_AUTORELEASING = YES;
				CLANG_WARN_BOOL_CONVERSION = YES;
				CLANG_WARN_COMMA = YES;
				CLANG_WARN_CONSTANT_CONVERSION = YES;
				CLANG_WARN_DEPRECATED_OBJC_IMPLEMENTATIONS = YES;
				CLANG_WARN_DIRECT_OBJC_ISA_USAGE = YES_ERROR;
				CLANG_WARN_DOCUMENTATION_COMMENTS = YES;
				CLANG_WARN_EMPTY_BODY = YES;
				CLANG_WARN_ENUM_CONVERSION = YES;
				CLANG_WARN_INFINITE_RECURSION = YES;
				CLANG_WARN_INT_CONVERSION = YES;
				CLANG_WARN_NON_LITERAL_NULL_CONVERSION = YES;
				CLANG_WARN_OBJC_IMPLICIT_RETAIN_SELF = YES;
				CLANG_WARN_OBJC_LITERAL_CONVERSION = YES;
				CLANG_WARN_OBJC_ROOT_CLASS = YES_ERROR;
				CLANG_WARN_QUOTED_INCLUDE_IN_FRAMEWORK_HEADER = YES;
				CLANG_WARN_RANGE_LOOP_ANALYSIS = YES;
				CLANG_WARN_STRICT_PROTOTYPES = YES;
				CLANG_WARN_SUSPICIOUS_MOVE = YES;
				CLANG_WARN_UNGUARDED_AVAILABILITY = YES_AGGRESSIVE;
				CLANG_WARN_UNREACHABLE_CODE = YES;
				CLANG_WARN__DUPLICATE_METHOD_MATCH = YES;
				COPY_PHASE_STRIP = NO;
				DEBUG_INFORMATION_FORMAT = "dwarf-with-dsym";
				ENABLE_NS_ASSERTIONS = NO;
				ENABLE_STRICT_OBJC_MSGSEND = YES;
				GCC_C_LANGUAGE_STANDARD = gnu11;
				GCC_NO_COMMON_BLOCKS = YES;
				GCC_WARN_64_TO_32_BIT_CONVERSION = YES;
				GCC_WARN_ABOUT_RETURN_TYPE = YES_ERROR;
				GCC_WARN_UNDECLARED_SELECTOR = YES;
				GCC_WARN_UNINITIALIZED_AUTOS = YES_AGGRESSIVE;
				GCC_WARN_UNUSED_FUNCTION = YES;
				GCC_WARN_UNUSED_VARIABLE = YES;
				IPHONEOS_DEPLOYMENT_TARGET = 16.2;
				MTL_ENABLE_DEBUG_INFO = NO;
				MTL_FAST_MATH = YES;
				SDKROOT = iphoneos;
				SWIFT_COMPILATION_MODE = wholemodule;
				SWIFT_OPTIMIZATION_LEVEL = "-O";
				VALIDATE_PRODUCT = YES;
			};
			name = Release;
		};
		732897042B1CDE67005B9664 /* Debug */ = {
			isa = XCBuildConfiguration;
			buildSettings = {
				ASSETCATALOG_COMPILER_APPICON_NAME = AppIcon;
				ASSETCATALOG_COMPILER_GLOBAL_ACCENT_COLOR_NAME = AccentColor;
				CODE_SIGN_STYLE = Automatic;
				CURRENT_PROJECT_VERSION = 1;
				DEVELOPMENT_TEAM = W7VA4BWKKA;
				GENERATE_INFOPLIST_FILE = YES;
				INFOPLIST_FILE = CoreDataProt/Info.plist;
				INFOPLIST_KEY_UIApplicationSupportsIndirectInputEvents = YES;
				INFOPLIST_KEY_UILaunchStoryboardName = LaunchScreen;
				INFOPLIST_KEY_UIMainStoryboardFile = Main;
				INFOPLIST_KEY_UISupportedInterfaceOrientations_iPad = "UIInterfaceOrientationPortrait UIInterfaceOrientationPortraitUpsideDown UIInterfaceOrientationLandscapeLeft UIInterfaceOrientationLandscapeRight";
				INFOPLIST_KEY_UISupportedInterfaceOrientations_iPhone = "UIInterfaceOrientationPortrait UIInterfaceOrientationLandscapeLeft UIInterfaceOrientationLandscapeRight";
				LD_RUNPATH_SEARCH_PATHS = (
					"$(inherited)",
					"@executable_path/Frameworks",
				);
				MARKETING_VERSION = 1.0;
				PRODUCT_BUNDLE_IDENTIFIER = KIA.CoreDataProt;
				PRODUCT_NAME = "$(TARGET_NAME)";
				SWIFT_EMIT_LOC_STRINGS = YES;
				SWIFT_VERSION = 5.0;
				TARGETED_DEVICE_FAMILY = "1,2";
			};
			name = Debug;
		};
		732897052B1CDE67005B9664 /* Release */ = {
			isa = XCBuildConfiguration;
			buildSettings = {
				ASSETCATALOG_COMPILER_APPICON_NAME = AppIcon;
				ASSETCATALOG_COMPILER_GLOBAL_ACCENT_COLOR_NAME = AccentColor;
				CODE_SIGN_STYLE = Automatic;
				CURRENT_PROJECT_VERSION = 1;
				DEVELOPMENT_TEAM = W7VA4BWKKA;
				GENERATE_INFOPLIST_FILE = YES;
				INFOPLIST_FILE = CoreDataProt/Info.plist;
				INFOPLIST_KEY_UIApplicationSupportsIndirectInputEvents = YES;
				INFOPLIST_KEY_UILaunchStoryboardName = LaunchScreen;
				INFOPLIST_KEY_UIMainStoryboardFile = Main;
				INFOPLIST_KEY_UISupportedInterfaceOrientations_iPad = "UIInterfaceOrientationPortrait UIInterfaceOrientationPortraitUpsideDown UIInterfaceOrientationLandscapeLeft UIInterfaceOrientationLandscapeRight";
				INFOPLIST_KEY_UISupportedInterfaceOrientations_iPhone = "UIInterfaceOrientationPortrait UIInterfaceOrientationLandscapeLeft UIInterfaceOrientationLandscapeRight";
				LD_RUNPATH_SEARCH_PATHS = (
					"$(inherited)",
					"@executable_path/Frameworks",
				);
				MARKETING_VERSION = 1.0;
				PRODUCT_BUNDLE_IDENTIFIER = KIA.CoreDataProt;
				PRODUCT_NAME = "$(TARGET_NAME)";
				SWIFT_EMIT_LOC_STRINGS = YES;
				SWIFT_VERSION = 5.0;
				TARGETED_DEVICE_FAMILY = "1,2";
			};
			name = Release;
		};
/* End XCBuildConfiguration section */

/* Begin XCConfigurationList section */
		732896E72B1CDE65005B9664 /* Build configuration list for PBXProject "CoreDataProt" */ = {
			isa = XCConfigurationList;
			buildConfigurations = (
				732897012B1CDE67005B9664 /* Debug */,
				732897022B1CDE67005B9664 /* Release */,
			);
			defaultConfigurationIsVisible = 0;
			defaultConfigurationName = Release;
		};
		732897032B1CDE67005B9664 /* Build configuration list for PBXNativeTarget "CoreDataProt" */ = {
			isa = XCConfigurationList;
			buildConfigurations = (
				732897042B1CDE67005B9664 /* Debug */,
				732897052B1CDE67005B9664 /* Release */,
			);
			defaultConfigurationIsVisible = 0;
			defaultConfigurationName = Release;
		};
/* End XCConfigurationList section */

/* Begin XCVersionGroup section */
		732896F82B1CDE66005B9664 /* CoreDataProt.xcdatamodeld */ = {
			isa = XCVersionGroup;
			children = (
				732896F92B1CDE66005B9664 /* CoreDataProt.xcdatamodel */,
			);
			currentVersion = 732896F92B1CDE66005B9664 /* CoreDataProt.xcdatamodel */;
			path = CoreDataProt.xcdatamodeld;
			sourceTree = "<group>";
			versionGroupType = wrapper.xcdatamodel;
		};
/* End XCVersionGroup section */
	};
	rootObject = 732896E42B1CDE65005B9664 /* Project object */;
}
